// !$*UTF8*$!
{
	archiveVersion = 1;
	classes = {
	};
	objectVersion = 46;
	objects = {

/* Begin PBXBuildFile section */
		0D21855E19E5C1C3007F26DA /* main.m in Sources */ = {isa = PBXBuildFile; fileRef = 0D21855D19E5C1C3007F26DA /* main.m */; };
		0D21856119E5C1C3007F26DA /* AppDelegate.m in Sources */ = {isa = PBXBuildFile; fileRef = 0D21856019E5C1C3007F26DA /* AppDelegate.m */; };
		0D21856719E5C1C3007F26DA /* Main.storyboard in Resources */ = {isa = PBXBuildFile; fileRef = 0D21856519E5C1C3007F26DA /* Main.storyboard */; };
		0D21856919E5C1C3007F26DA /* Images.xcassets in Resources */ = {isa = PBXBuildFile; fileRef = 0D21856819E5C1C3007F26DA /* Images.xcassets */; };
		0D21856C19E5C1C3007F26DA /* LaunchScreen.xib in Resources */ = {isa = PBXBuildFile; fileRef = 0D21856A19E5C1C3007F26DA /* LaunchScreen.xib */; };
		0D21857819E5C1C3007F26DA /* BlocTalkTests.m in Sources */ = {isa = PBXBuildFile; fileRef = 0D21857719E5C1C3007F26DA /* BlocTalkTests.m */; };
		0D21858319E5C56E007F26DA /* HomeScreenCollectionViewController.m in Sources */ = {isa = PBXBuildFile; fileRef = 0D21858219E5C56E007F26DA /* HomeScreenCollectionViewController.m */; };
		0D49313819E6EB2200396C18 /* DataSource.m in Sources */ = {isa = PBXBuildFile; fileRef = 0D49313719E6EB2200396C18 /* DataSource.m */; };
		0D49313B19E7165E00396C18 /* HomeScreenCollectionViewCell.m in Sources */ = {isa = PBXBuildFile; fileRef = 0D49313A19E7165E00396C18 /* HomeScreenCollectionViewCell.m */; };
		0D9C43C919EEE36B00089848 /* ContactList.m in Sources */ = {isa = PBXBuildFile; fileRef = 0D9C43C819EEE36B00089848 /* ContactList.m */; };
		0D9C43CD19EEF89500089848 /* ConversationViewController.m in Sources */ = {isa = PBXBuildFile; fileRef = 0D9C43CB19EEF89500089848 /* ConversationViewController.m */; };
/* End PBXBuildFile section */

/* Begin PBXContainerItemProxy section */
		0D21857219E5C1C3007F26DA /* PBXContainerItemProxy */ = {
			isa = PBXContainerItemProxy;
			containerPortal = 0D21855019E5C1C3007F26DA /* Project object */;
			proxyType = 1;
			remoteGlobalIDString = 0D21855719E5C1C3007F26DA;
			remoteInfo = BlocTalk;
		};
/* End PBXContainerItemProxy section */

/* Begin PBXFileReference section */
		0D21855819E5C1C3007F26DA /* BlocTalk.app */ = {isa = PBXFileReference; explicitFileType = wrapper.application; includeInIndex = 0; path = BlocTalk.app; sourceTree = BUILT_PRODUCTS_DIR; };
		0D21855C19E5C1C3007F26DA /* Info.plist */ = {isa = PBXFileReference; lastKnownFileType = text.plist.xml; path = Info.plist; sourceTree = "<group>"; };
		0D21855D19E5C1C3007F26DA /* main.m */ = {isa = PBXFileReference; lastKnownFileType = sourcecode.c.objc; path = main.m; sourceTree = "<group>"; };
		0D21855F19E5C1C3007F26DA /* AppDelegate.h */ = {isa = PBXFileReference; lastKnownFileType = sourcecode.c.h; path = AppDelegate.h; sourceTree = "<group>"; };
		0D21856019E5C1C3007F26DA /* AppDelegate.m */ = {isa = PBXFileReference; lastKnownFileType = sourcecode.c.objc; path = AppDelegate.m; sourceTree = "<group>"; };
		0D21856619E5C1C3007F26DA /* Base */ = {isa = PBXFileReference; lastKnownFileType = file.storyboard; name = Base; path = Base.lproj/Main.storyboard; sourceTree = "<group>"; };
		0D21856819E5C1C3007F26DA /* Images.xcassets */ = {isa = PBXFileReference; lastKnownFileType = folder.assetcatalog; path = Images.xcassets; sourceTree = "<group>"; };
		0D21856B19E5C1C3007F26DA /* Base */ = {isa = PBXFileReference; lastKnownFileType = file.xib; name = Base; path = Base.lproj/LaunchScreen.xib; sourceTree = "<group>"; };
		0D21857119E5C1C3007F26DA /* BlocTalkTests.xctest */ = {isa = PBXFileReference; explicitFileType = wrapper.cfbundle; includeInIndex = 0; path = BlocTalkTests.xctest; sourceTree = BUILT_PRODUCTS_DIR; };
		0D21857619E5C1C3007F26DA /* Info.plist */ = {isa = PBXFileReference; lastKnownFileType = text.plist.xml; path = Info.plist; sourceTree = "<group>"; };
		0D21857719E5C1C3007F26DA /* BlocTalkTests.m */ = {isa = PBXFileReference; lastKnownFileType = sourcecode.c.objc; path = BlocTalkTests.m; sourceTree = "<group>"; };
		0D21858119E5C56E007F26DA /* HomeScreenCollectionViewController.h */ = {isa = PBXFileReference; fileEncoding = 4; lastKnownFileType = sourcecode.c.h; path = HomeScreenCollectionViewController.h; sourceTree = "<group>"; };
		0D21858219E5C56E007F26DA /* HomeScreenCollectionViewController.m */ = {isa = PBXFileReference; fileEncoding = 4; lastKnownFileType = sourcecode.c.objc; path = HomeScreenCollectionViewController.m; sourceTree = "<group>"; };
		0D49313619E6EB2200396C18 /* DataSource.h */ = {isa = PBXFileReference; fileEncoding = 4; lastKnownFileType = sourcecode.c.h; path = DataSource.h; sourceTree = "<group>"; };
		0D49313719E6EB2200396C18 /* DataSource.m */ = {isa = PBXFileReference; fileEncoding = 4; lastKnownFileType = sourcecode.c.objc; path = DataSource.m; sourceTree = "<group>"; };
		0D49313919E7165E00396C18 /* HomeScreenCollectionViewCell.h */ = {isa = PBXFileReference; fileEncoding = 4; lastKnownFileType = sourcecode.c.h; path = HomeScreenCollectionViewCell.h; sourceTree = "<group>"; };
		0D49313A19E7165E00396C18 /* HomeScreenCollectionViewCell.m */ = {isa = PBXFileReference; fileEncoding = 4; lastKnownFileType = sourcecode.c.objc; path = HomeScreenCollectionViewCell.m; sourceTree = "<group>"; };
		0D9C43C719EEE36B00089848 /* ContactList.h */ = {isa = PBXFileReference; fileEncoding = 4; lastKnownFileType = sourcecode.c.h; path = ContactList.h; sourceTree = "<group>"; };
		0D9C43C819EEE36B00089848 /* ContactList.m */ = {isa = PBXFileReference; fileEncoding = 4; lastKnownFileType = sourcecode.c.objc; path = ContactList.m; sourceTree = "<group>"; };
		0D9C43CA19EEF89500089848 /* ConversationViewController.h */ = {isa = PBXFileReference; fileEncoding = 4; lastKnownFileType = sourcecode.c.h; path = ConversationViewController.h; sourceTree = "<group>"; };
		0D9C43CB19EEF89500089848 /* ConversationViewController.m */ = {isa = PBXFileReference; fileEncoding = 4; lastKnownFileType = sourcecode.c.objc; path = ConversationViewController.m; sourceTree = "<group>"; };
/* End PBXFileReference section */

/* Begin PBXFrameworksBuildPhase section */
		0D21855519E5C1C3007F26DA /* Frameworks */ = {
			isa = PBXFrameworksBuildPhase;
			buildActionMask = 2147483647;
			files = (
			);
			runOnlyForDeploymentPostprocessing = 0;
		};
		0D21856E19E5C1C3007F26DA /* Frameworks */ = {
			isa = PBXFrameworksBuildPhase;
			buildActionMask = 2147483647;
			files = (
			);
			runOnlyForDeploymentPostprocessing = 0;
		};
/* End PBXFrameworksBuildPhase section */

/* Begin PBXGroup section */
		0D21854F19E5C1C3007F26DA = {
			isa = PBXGroup;
			children = (
				0D21855A19E5C1C3007F26DA /* BlocTalk */,
				0D21857419E5C1C3007F26DA /* BlocTalkTests */,
				0D21855919E5C1C3007F26DA /* Products */,
			);
			sourceTree = "<group>";
		};
		0D21855919E5C1C3007F26DA /* Products */ = {
			isa = PBXGroup;
			children = (
				0D21855819E5C1C3007F26DA /* BlocTalk.app */,
				0D21857119E5C1C3007F26DA /* BlocTalkTests.xctest */,
			);
			name = Products;
			sourceTree = "<group>";
		};
		0D21855A19E5C1C3007F26DA /* BlocTalk */ = {
			isa = PBXGroup;
			children = (
				0D21855F19E5C1C3007F26DA /* AppDelegate.h */,
				0D21856019E5C1C3007F26DA /* AppDelegate.m */,
				0D9C43C719EEE36B00089848 /* ContactList.h */,
				0D9C43C819EEE36B00089848 /* ContactList.m */,
				0D49313619E6EB2200396C18 /* DataSource.h */,
				0D49313719E6EB2200396C18 /* DataSource.m */,
				0D49313919E7165E00396C18 /* HomeScreenCollectionViewCell.h */,
				0D49313A19E7165E00396C18 /* HomeScreenCollectionViewCell.m */,
				0D21858119E5C56E007F26DA /* HomeScreenCollectionViewController.h */,
				0D21858219E5C56E007F26DA /* HomeScreenCollectionViewController.m */,
				0D21856819E5C1C3007F26DA /* Images.xcassets */,
				0D21856A19E5C1C3007F26DA /* LaunchScreen.xib */,
				0D21856519E5C1C3007F26DA /* Main.storyboard */,
				0D21855B19E5C1C3007F26DA /* Supporting Files */,
				0D9C43CA19EEF89500089848 /* ConversationViewController.h */,
				0D9C43CB19EEF89500089848 /* ConversationViewController.m */,
			);
			path = BlocTalk;
			sourceTree = "<group>";
		};
		0D21855B19E5C1C3007F26DA /* Supporting Files */ = {
			isa = PBXGroup;
			children = (
				0D21855C19E5C1C3007F26DA /* Info.plist */,
				0D21855D19E5C1C3007F26DA /* main.m */,
			);
			name = "Supporting Files";
			sourceTree = "<group>";
		};
		0D21857419E5C1C3007F26DA /* BlocTalkTests */ = {
			isa = PBXGroup;
			children = (
				0D21857719E5C1C3007F26DA /* BlocTalkTests.m */,
				0D21857519E5C1C3007F26DA /* Supporting Files */,
			);
			path = BlocTalkTests;
			sourceTree = "<group>";
		};
		0D21857519E5C1C3007F26DA /* Supporting Files */ = {
			isa = PBXGroup;
			children = (
				0D21857619E5C1C3007F26DA /* Info.plist */,
			);
			name = "Supporting Files";
			sourceTree = "<group>";
		};
/* End PBXGroup section */

/* Begin PBXNativeTarget section */
		0D21855719E5C1C3007F26DA /* BlocTalk */ = {
			isa = PBXNativeTarget;
			buildConfigurationList = 0D21857B19E5C1C3007F26DA /* Build configuration list for PBXNativeTarget "BlocTalk" */;
			buildPhases = (
				0D21855419E5C1C3007F26DA /* Sources */,
				0D21855519E5C1C3007F26DA /* Frameworks */,
				0D21855619E5C1C3007F26DA /* Resources */,
			);
			buildRules = (
			);
			dependencies = (
			);
			name = BlocTalk;
			productName = BlocTalk;
			productReference = 0D21855819E5C1C3007F26DA /* BlocTalk.app */;
			productType = "com.apple.product-type.application";
		};
		0D21857019E5C1C3007F26DA /* BlocTalkTests */ = {
			isa = PBXNativeTarget;
			buildConfigurationList = 0D21857E19E5C1C3007F26DA /* Build configuration list for PBXNativeTarget "BlocTalkTests" */;
			buildPhases = (
				0D21856D19E5C1C3007F26DA /* Sources */,
				0D21856E19E5C1C3007F26DA /* Frameworks */,
				0D21856F19E5C1C3007F26DA /* Resources */,
			);
			buildRules = (
			);
			dependencies = (
				0D21857319E5C1C3007F26DA /* PBXTargetDependency */,
			);
			name = BlocTalkTests;
			productName = BlocTalkTests;
			productReference = 0D21857119E5C1C3007F26DA /* BlocTalkTests.xctest */;
			productType = "com.apple.product-type.bundle.unit-test";
		};
/* End PBXNativeTarget section */

/* Begin PBXProject section */
		0D21855019E5C1C3007F26DA /* Project object */ = {
			isa = PBXProject;
			attributes = {
				LastUpgradeCheck = 0600;
				ORGANIZATIONNAME = Murphy;
				TargetAttributes = {
					0D21855719E5C1C3007F26DA = {
						CreatedOnToolsVersion = 6.0;
						DevelopmentTeam = FD5BJ4YK4C;
					};
					0D21857019E5C1C3007F26DA = {
						CreatedOnToolsVersion = 6.0;
						TestTargetID = 0D21855719E5C1C3007F26DA;
					};
				};
			};
			buildConfigurationList = 0D21855319E5C1C3007F26DA /* Build configuration list for PBXProject "BlocTalk" */;
			compatibilityVersion = "Xcode 3.2";
			developmentRegion = English;
			hasScannedForEncodings = 0;
			knownRegions = (
				en,
				Base,
			);
			mainGroup = 0D21854F19E5C1C3007F26DA;
			productRefGroup = 0D21855919E5C1C3007F26DA /* Products */;
			projectDirPath = "";
			projectRoot = "";
			targets = (
				0D21855719E5C1C3007F26DA /* BlocTalk */,
				0D21857019E5C1C3007F26DA /* BlocTalkTests */,
			);
		};
/* End PBXProject section */

/* Begin PBXResourcesBuildPhase section */
		0D21855619E5C1C3007F26DA /* Resources */ = {
			isa = PBXResourcesBuildPhase;
			buildActionMask = 2147483647;
			files = (
				0D21856719E5C1C3007F26DA /* Main.storyboard in Resources */,
				0D21856C19E5C1C3007F26DA /* LaunchScreen.xib in Resources */,
				0D21856919E5C1C3007F26DA /* Images.xcassets in Resources */,
			);
			runOnlyForDeploymentPostprocessing = 0;
		};
		0D21856F19E5C1C3007F26DA /* Resources */ = {
			isa = PBXResourcesBuildPhase;
			buildActionMask = 2147483647;
			files = (
			);
			runOnlyForDeploymentPostprocessing = 0;
		};
/* End PBXResourcesBuildPhase section */

/* Begin PBXSourcesBuildPhase section */
		0D21855419E5C1C3007F26DA /* Sources */ = {
			isa = PBXSourcesBuildPhase;
			buildActionMask = 2147483647;
			files = (
				0D9C43C919EEE36B00089848 /* ContactList.m in Sources */,
				0D49313B19E7165E00396C18 /* HomeScreenCollectionViewCell.m in Sources */,
				0D9C43CD19EEF89500089848 /* ConversationViewController.m in Sources */,
				0D49313819E6EB2200396C18 /* DataSource.m in Sources */,
				0D21856119E5C1C3007F26DA /* AppDelegate.m in Sources */,
				0D21855E19E5C1C3007F26DA /* main.m in Sources */,
				0D21858319E5C56E007F26DA /* HomeScreenCollectionViewController.m in Sources */,
			);
			runOnlyForDeploymentPostprocessing = 0;
		};
		0D21856D19E5C1C3007F26DA /* Sources */ = {
			isa = PBXSourcesBuildPhase;
			buildActionMask = 2147483647;
			files = (
				0D21857819E5C1C3007F26DA /* BlocTalkTests.m in Sources */,
			);
			runOnlyForDeploymentPostprocessing = 0;
		};
/* End PBXSourcesBuildPhase section */

/* Begin PBXTargetDependency section */
		0D21857319E5C1C3007F26DA /* PBXTargetDependency */ = {
			isa = PBXTargetDependency;
			target = 0D21855719E5C1C3007F26DA /* BlocTalk */;
			targetProxy = 0D21857219E5C1C3007F26DA /* PBXContainerItemProxy */;
		};
/* End PBXTargetDependency section */

/* Begin PBXVariantGroup section */
		0D21856519E5C1C3007F26DA /* Main.storyboard */ = {
			isa = PBXVariantGroup;
			children = (
				0D21856619E5C1C3007F26DA /* Base */,
			);
			name = Main.storyboard;
			sourceTree = "<group>";
		};
		0D21856A19E5C1C3007F26DA /* LaunchScreen.xib */ = {
			isa = PBXVariantGroup;
			children = (
				0D21856B19E5C1C3007F26DA /* Base */,
			);
			name = LaunchScreen.xib;
			sourceTree = "<group>";
		};
/* End PBXVariantGroup section */

/* Begin XCBuildConfiguration section */
		0D21857919E5C1C3007F26DA /* Debug */ = {
			isa = XCBuildConfiguration;
			buildSettings = {
				ALWAYS_SEARCH_USER_PATHS = NO;
				CLANG_CXX_LANGUAGE_STANDARD = "gnu++0x";
				CLANG_CXX_LIBRARY = "libc++";
				CLANG_ENABLE_MODULES = YES;
				CLANG_ENABLE_OBJC_ARC = YES;
				CLANG_WARN_BOOL_CONVERSION = YES;
				CLANG_WARN_CONSTANT_CONVERSION = YES;
				CLANG_WARN_DIRECT_OBJC_ISA_USAGE = YES_ERROR;
				CLANG_WARN_EMPTY_BODY = YES;
				CLANG_WARN_ENUM_CONVERSION = YES;
				CLANG_WARN_INT_CONVERSION = YES;
				CLANG_WARN_OBJC_ROOT_CLASS = YES_ERROR;
				CLANG_WARN_UNREACHABLE_CODE = YES;
				CLANG_WARN__DUPLICATE_METHOD_MATCH = YES;
				"CODE_SIGN_IDENTITY[sdk=iphoneos*]" = "iPhone Developer";
				COPY_PHASE_STRIP = NO;
				ENABLE_STRICT_OBJC_MSGSEND = YES;
				GCC_C_LANGUAGE_STANDARD = gnu99;
				GCC_DYNAMIC_NO_PIC = NO;
				GCC_OPTIMIZATION_LEVEL = 0;
				GCC_PREPROCESSOR_DEFINITIONS = (
					"DEBUG=1",
					"$(inherited)",
				);
				GCC_SYMBOLS_PRIVATE_EXTERN = NO;
				GCC_WARN_64_TO_32_BIT_CONVERSION = YES;
				GCC_WARN_ABOUT_RETURN_TYPE = YES_ERROR;
				GCC_WARN_UNDECLARED_SELECTOR = YES;
				GCC_WARN_UNINITIALIZED_AUTOS = YES_AGGRESSIVE;
				GCC_WARN_UNUSED_FUNCTION = YES;
				GCC_WARN_UNUSED_VARIABLE = YES;
				IPHONEOS_DEPLOYMENT_TARGET = 8.0;
				MTL_ENABLE_DEBUG_INFO = YES;
				ONLY_ACTIVE_ARCH = YES;
				SDKROOT = iphoneos;
				TARGETED_DEVICE_FAMILY = "1,2";
			};
			name = Debug;
		};
		0D21857A19E5C1C3007F26DA /* Release */ = {
			isa = XCBuildConfiguration;
			buildSettings = {
				ALWAYS_SEARCH_USER_PATHS = NO;
				CLANG_CXX_LANGUAGE_STANDARD = "gnu++0x";
				CLANG_CXX_LIBRARY = "libc++";
				CLANG_ENABLE_MODULES = YES;
				CLANG_ENABLE_OBJC_ARC = YES;
				CLANG_WARN_BOOL_CONVERSION = YES;
				CLANG_WARN_CONSTANT_CONVERSION = YES;
				CLANG_WARN_DIRECT_OBJC_ISA_USAGE = YES_ERROR;
				CLANG_WARN_EMPTY_BODY = YES;
				CLANG_WARN_ENUM_CONVERSION = YES;
				CLANG_WARN_INT_CONVERSION = YES;
				CLANG_WARN_OBJC_ROOT_CLASS = YES_ERROR;
				CLANG_WARN_UNREACHABLE_CODE = YES;
				CLANG_WARN__DUPLICATE_METHOD_MATCH = YES;
				"CODE_SIGN_IDENTITY[sdk=iphoneos*]" = "iPhone Developer";
				COPY_PHASE_STRIP = YES;
				ENABLE_NS_ASSERTIONS = NO;
				ENABLE_STRICT_OBJC_MSGSEND = YES;
				GCC_C_LANGUAGE_STANDARD = gnu99;
				GCC_WARN_64_TO_32_BIT_CONVERSION = YES;
				GCC_WARN_ABOUT_RETURN_TYPE = YES_ERROR;
				GCC_WARN_UNDECLARED_SELECTOR = YES;
				GCC_WARN_UNINITIALIZED_AUTOS = YES_AGGRESSIVE;
				GCC_WARN_UNUSED_FUNCTION = YES;
				GCC_WARN_UNUSED_VARIABLE = YES;
				IPHONEOS_DEPLOYMENT_TARGET = 8.0;
				MTL_ENABLE_DEBUG_INFO = NO;
				SDKROOT = iphoneos;
				TARGETED_DEVICE_FAMILY = "1,2";
				VALIDATE_PRODUCT = YES;
			};
			name = Release;
		};
		0D21857C19E5C1C3007F26DA /* Debug */ = {
			isa = XCBuildConfiguration;
			buildSettings = {
				ASSETCATALOG_COMPILER_APPICON_NAME = AppIcon;
				CODE_SIGN_IDENTITY = "iPhone Developer";
				INFOPLIST_FILE = BlocTalk/Info.plist;
				LD_RUNPATH_SEARCH_PATHS = "$(inherited) @executable_path/Frameworks";
				PRODUCT_NAME = "$(TARGET_NAME)";
			};
			name = Debug;
		};
		0D21857D19E5C1C3007F26DA /* Release */ = {
			isa = XCBuildConfiguration;
			buildSettings = {
				ASSETCATALOG_COMPILER_APPICON_NAME = AppIcon;
				CODE_SIGN_IDENTITY = "iPhone Developer";
				INFOPLIST_FILE = BlocTalk/Info.plist;
				LD_RUNPATH_SEARCH_PATHS = "$(inherited) @executable_path/Frameworks";
				PRODUCT_NAME = "$(TARGET_NAME)";
			};
			name = Release;
		};
		0D21857F19E5C1C3007F26DA /* Debug */ = {
			isa = XCBuildConfiguration;
			buildSettings = {
				BUNDLE_LOADER = "$(TEST_HOST)";
				FRAMEWORK_SEARCH_PATHS = (
					"$(SDKROOT)/Developer/Library/Frameworks",
					"$(inherited)",
				);
				GCC_PREPROCESSOR_DEFINITIONS = (
					"DEBUG=1",
					"$(inherited)",
				);
				INFOPLIST_FILE = BlocTalkTests/Info.plist;
				LD_RUNPATH_SEARCH_PATHS = "$(inherited) @executable_path/Frameworks @loader_path/Frameworks";
				PRODUCT_NAME = "$(TARGET_NAME)";
				TEST_HOST = "$(BUILT_PRODUCTS_DIR)/BlocTalk.app/BlocTalk";
			};
			name = Debug;
		};
		0D21858019E5C1C3007F26DA /* Release */ = {
			isa = XCBuildConfiguration;
			buildSettings = {
				BUNDLE_LOADER = "$(TEST_HOST)";
				FRAMEWORK_SEARCH_PATHS = (
					"$(SDKROOT)/Developer/Library/Frameworks",
					"$(inherited)",
				);
				INFOPLIST_FILE = BlocTalkTests/Info.plist;
				LD_RUNPATH_SEARCH_PATHS = "$(inherited) @executable_path/Frameworks @loader_path/Frameworks";
				PRODUCT_NAME = "$(TARGET_NAME)";
				TEST_HOST = "$(BUILT_PRODUCTS_DIR)/BlocTalk.app/BlocTalk";
			};
			name = Release;
		};
/* End XCBuildConfiguration section */

/* Begin XCConfigurationList section */
		0D21855319E5C1C3007F26DA /* Build configuration list for PBXProject "BlocTalk" */ = {
			isa = XCConfigurationList;
			buildConfigurations = (
				0D21857919E5C1C3007F26DA /* Debug */,
				0D21857A19E5C1C3007F26DA /* Release */,
			);
			defaultConfigurationIsVisible = 0;
			defaultConfigurationName = Release;
		};
		0D21857B19E5C1C3007F26DA /* Build configuration list for PBXNativeTarget "BlocTalk" */ = {
			isa = XCConfigurationList;
			buildConfigurations = (
				0D21857C19E5C1C3007F26DA /* Debug */,
				0D21857D19E5C1C3007F26DA /* Release */,
			);
			defaultConfigurationIsVisible = 0;
			defaultConfigurationName = Release;
		};
		0D21857E19E5C1C3007F26DA /* Build configuration list for PBXNativeTarget "BlocTalkTests" */ = {
			isa = XCConfigurationList;
			buildConfigurations = (
				0D21857F19E5C1C3007F26DA /* Debug */,
				0D21858019E5C1C3007F26DA /* Release */,
			);
			defaultConfigurationIsVisible = 0;
			defaultConfigurationName = Release;
		};
/* End XCConfigurationList section */
	};
	rootObject = 0D21855019E5C1C3007F26DA /* Project object */;
}
